
Microsoft Visual Studio Solution File, Format Version 12.00
# Visual Studio Version 17
VisualStudioVersion = 17.8.34322.80
MinimumVisualStudioVersion = 10.0.40219.1
Project("{FAE04EC0-301F-11D3-BF4B-00C04F79EFBC}") = "TradingBotApiV1", "TradingBotApiV1\TradingBotApiV1.csproj", "{D21E9BCE-681C-4584-B5B2-7DE34A5F527A}"
EndProject
Global
	GlobalSection(SolutionConfigurationPlatforms) = preSolution
		Debug|Any CPU = Debug|Any CPU
		Release|Any CPU = Release|Any CPU
	EndGlobalSection
	GlobalSection(ProjectConfigurationPlatforms) = postSolution
		{D21E9BCE-681C-4584-B5B2-7DE34A5F527A}.Debug|Any CPU.ActiveCfg = Debug|Any CPU
		{D21E9BCE-681C-4584-B5B2-7DE34A5F527A}.Debug|Any CPU.Build.0 = Debug|Any CPU
		{D21E9BCE-681C-4584-B5B2-7DE34A5F527A}.Release|Any CPU.ActiveCfg = Release|Any CPU
		{D21E9BCE-681C-4584-B5B2-7DE34A5F527A}.Release|Any CPU.Build.0 = Release|Any CPU
	EndGlobalSection
	GlobalSection(SolutionProperties) = preSolution
		HideSolutionNode = FALSE
	EndGlobalSection
	GlobalSection(ExtensibilityGlobals) = postSolution
		SolutionGuid = {FD57FF42-B305-45EE-A816-7334DC2FB133}
	EndGlobalSection
EndGlobal
